// !$*UTF8*$!
{
	archiveVersion = 1;
	classes = {
	};
	objectVersion = 46;
	objects = {

/* Begin PBXBuildFile section */
		45E928291C9117070022E2A0 /* main.m in Sources */ = {isa = PBXBuildFile; fileRef = 45E928281C9117070022E2A0 /* main.m */; };
		45E9282C1C9117070022E2A0 /* AppDelegate.m in Sources */ = {isa = PBXBuildFile; fileRef = 45E9282B1C9117070022E2A0 /* AppDelegate.m */; };
		45E9282F1C9117070022E2A0 /* ViewController.m in Sources */ = {isa = PBXBuildFile; fileRef = 45E9282E1C9117070022E2A0 /* ViewController.m */; };
		45E928321C9117070022E2A0 /* Main.storyboard in Resources */ = {isa = PBXBuildFile; fileRef = 45E928301C9117070022E2A0 /* Main.storyboard */; };
		45E928341C9117070022E2A0 /* Assets.xcassets in Resources */ = {isa = PBXBuildFile; fileRef = 45E928331C9117070022E2A0 /* Assets.xcassets */; };
		45E928371C9117070022E2A0 /* LaunchScreen.storyboard in Resources */ = {isa = PBXBuildFile; fileRef = 45E928351C9117070022E2A0 /* LaunchScreen.storyboard */; };
		45E928421C9117070022E2A0 /* iAmRickTests.m in Sources */ = {isa = PBXBuildFile; fileRef = 45E928411C9117070022E2A0 /* iAmRickTests.m */; };
		45E9284D1C9117070022E2A0 /* iAmRickUITests.m in Sources */ = {isa = PBXBuildFile; fileRef = 45E9284C1C9117070022E2A0 /* iAmRickUITests.m */; };
		45E9285C1C9117740022E2A0 /* ruby.png in Resources */ = {isa = PBXBuildFile; fileRef = 45E9285B1C9117740022E2A0 /* ruby.png */; };
/* End PBXBuildFile section */

/* Begin PBXContainerItemProxy section */
		45E9283E1C9117070022E2A0 /* PBXContainerItemProxy */ = {
			isa = PBXContainerItemProxy;
			containerPortal = 45E9281C1C9117070022E2A0 /* Project object */;
			proxyType = 1;
			remoteGlobalIDString = 45E928231C9117070022E2A0;
			remoteInfo = iAmRick;
		};
		45E928491C9117070022E2A0 /* PBXContainerItemProxy */ = {
			isa = PBXContainerItemProxy;
			containerPortal = 45E9281C1C9117070022E2A0 /* Project object */;
			proxyType = 1;
			remoteGlobalIDString = 45E928231C9117070022E2A0;
			remoteInfo = iAmRick;
		};
/* End PBXContainerItemProxy section */

/* Begin PBXFileReference section */
		45E928241C9117070022E2A0 /* iAmRick.app */ = {isa = PBXFileReference; explicitFileType = wrapper.application; includeInIndex = 0; path = iAmRick.app; sourceTree = BUILT_PRODUCTS_DIR; };
		45E928281C9117070022E2A0 /* main.m */ = {isa = PBXFileReference; lastKnownFileType = sourcecode.c.objc; path = main.m; sourceTree = "<group>"; };
		45E9282A1C9117070022E2A0 /* AppDelegate.h */ = {isa = PBXFileReference; lastKnownFileType = sourcecode.c.h; path = AppDelegate.h; sourceTree = "<group>"; };
		45E9282B1C9117070022E2A0 /* AppDelegate.m */ = {isa = PBXFileReference; lastKnownFileType = sourcecode.c.objc; path = AppDelegate.m; sourceTree = "<group>"; };
		45E9282D1C9117070022E2A0 /* ViewController.h */ = {isa = PBXFileReference; lastKnownFileType = sourcecode.c.h; path = ViewController.h; sourceTree = "<group>"; };
		45E9282E1C9117070022E2A0 /* ViewController.m */ = {isa = PBXFileReference; lastKnownFileType = sourcecode.c.objc; path = ViewController.m; sourceTree = "<group>"; };
		45E928311C9117070022E2A0 /* Base */ = {isa = PBXFileReference; lastKnownFileType = file.storyboard; name = Base; path = Base.lproj/Main.storyboard; sourceTree = "<group>"; };
		45E928331C9117070022E2A0 /* Assets.xcassets */ = {isa = PBXFileReference; lastKnownFileType = folder.assetcatalog; path = Assets.xcassets; sourceTree = "<group>"; };
		45E928361C9117070022E2A0 /* Base */ = {isa = PBXFileReference; lastKnownFileType = file.storyboard; name = Base; path = Base.lproj/LaunchScreen.storyboard; sourceTree = "<group>"; };
		45E928381C9117070022E2A0 /* Info.plist */ = {isa = PBXFileReference; lastKnownFileType = text.plist.xml; path = Info.plist; sourceTree = "<group>"; };
		45E9283D1C9117070022E2A0 /* iAmRickTests.xctest */ = {isa = PBXFileReference; explicitFileType = wrapper.cfbundle; includeInIndex = 0; path = iAmRickTests.xctest; sourceTree = BUILT_PRODUCTS_DIR; };
		45E928411C9117070022E2A0 /* iAmRickTests.m */ = {isa = PBXFileReference; lastKnownFileType = sourcecode.c.objc; path = iAmRickTests.m; sourceTree = "<group>"; };
		45E928431C9117070022E2A0 /* Info.plist */ = {isa = PBXFileReference; lastKnownFileType = text.plist.xml; path = Info.plist; sourceTree = "<group>"; };
		45E928481C9117070022E2A0 /* iAmRickUITests.xctest */ = {isa = PBXFileReference; explicitFileType = wrapper.cfbundle; includeInIndex = 0; path = iAmRickUITests.xctest; sourceTree = BUILT_PRODUCTS_DIR; };
		45E9284C1C9117070022E2A0 /* iAmRickUITests.m */ = {isa = PBXFileReference; lastKnownFileType = sourcecode.c.objc; path = iAmRickUITests.m; sourceTree = "<group>"; };
		45E9284E1C9117070022E2A0 /* Info.plist */ = {isa = PBXFileReference; lastKnownFileType = text.plist.xml; path = Info.plist; sourceTree = "<group>"; };
		45E9285B1C9117740022E2A0 /* ruby.png */ = {isa = PBXFileReference; lastKnownFileType = image.png; name = ruby.png; path = ../../../Resources/ruby.png; sourceTree = "<group>"; };
/* End PBXFileReference section */

/* Begin PBXFrameworksBuildPhase section */
		45E928211C9117070022E2A0 /* Frameworks */ = {
			isa = PBXFrameworksBuildPhase;
			buildActionMask = 2147483647;
			files = (
			);
			runOnlyForDeploymentPostprocessing = 0;
		};
		45E9283A1C9117070022E2A0 /* Frameworks */ = {
			isa = PBXFrameworksBuildPhase;
			buildActionMask = 2147483647;
			files = (
			);
			runOnlyForDeploymentPostprocessing = 0;
		};
		45E928451C9117070022E2A0 /* Frameworks */ = {
			isa = PBXFrameworksBuildPhase;
			buildActionMask = 2147483647;
			files = (
			);
			runOnlyForDeploymentPostprocessing = 0;
		};
/* End PBXFrameworksBuildPhase section */

/* Begin PBXGroup section */
		45E9281B1C9117070022E2A0 = {
			isa = PBXGroup;
			children = (
				45E928261C9117070022E2A0 /* iAmRick */,
				45E928401C9117070022E2A0 /* iAmRickTests */,
				45E9284B1C9117070022E2A0 /* iAmRickUITests */,
				45E928251C9117070022E2A0 /* Products */,
			);
			sourceTree = "<group>";
		};
		45E928251C9117070022E2A0 /* Products */ = {
			isa = PBXGroup;
			children = (
				45E928241C9117070022E2A0 /* iAmRick.app */,
				45E9283D1C9117070022E2A0 /* iAmRickTests.xctest */,
				45E928481C9117070022E2A0 /* iAmRickUITests.xctest */,
			);
			name = Products;
			sourceTree = "<group>";
		};
		45E928261C9117070022E2A0 /* iAmRick */ = {
			isa = PBXGroup;
			children = (
				45E9285A1C9117680022E2A0 /* images */,
				45E9282A1C9117070022E2A0 /* AppDelegate.h */,
				45E9282B1C9117070022E2A0 /* AppDelegate.m */,
				45E9282D1C9117070022E2A0 /* ViewController.h */,
				45E9282E1C9117070022E2A0 /* ViewController.m */,
				45E928301C9117070022E2A0 /* Main.storyboard */,
				45E928331C9117070022E2A0 /* Assets.xcassets */,
				45E928351C9117070022E2A0 /* LaunchScreen.storyboard */,
				45E928381C9117070022E2A0 /* Info.plist */,
				45E928271C9117070022E2A0 /* Supporting Files */,
			);
			path = iAmRick;
			sourceTree = "<group>";
		};
		45E928271C9117070022E2A0 /* Supporting Files */ = {
			isa = PBXGroup;
			children = (
				45E928281C9117070022E2A0 /* main.m */,
			);
			name = "Supporting Files";
			sourceTree = "<group>";
		};
		45E928401C9117070022E2A0 /* iAmRickTests */ = {
			isa = PBXGroup;
			children = (
				45E928411C9117070022E2A0 /* iAmRickTests.m */,
				45E928431C9117070022E2A0 /* Info.plist */,
			);
			path = iAmRickTests;
			sourceTree = "<group>";
		};
		45E9284B1C9117070022E2A0 /* iAmRickUITests */ = {
			isa = PBXGroup;
			children = (
				45E9284C1C9117070022E2A0 /* iAmRickUITests.m */,
				45E9284E1C9117070022E2A0 /* Info.plist */,
			);
			path = iAmRickUITests;
			sourceTree = "<group>";
		};
		45E9285A1C9117680022E2A0 /* images */ = {
			isa = PBXGroup;
			children = (
				45E9285B1C9117740022E2A0 /* ruby.png */,
			);
			name = images;
			sourceTree = "<group>";
		};
/* End PBXGroup section */

/* Begin PBXNativeTarget section */
		45E928231C9117070022E2A0 /* iAmRick */ = {
			isa = PBXNativeTarget;
			buildConfigurationList = 45E928511C9117070022E2A0 /* Build configuration list for PBXNativeTarget "iAmRick" */;
			buildPhases = (
				45E928201C9117070022E2A0 /* Sources */,
				45E928211C9117070022E2A0 /* Frameworks */,
				45E928221C9117070022E2A0 /* Resources */,
			);
			buildRules = (
			);
			dependencies = (
			);
			name = iAmRick;
			productName = iAmRick;
			productReference = 45E928241C9117070022E2A0 /* iAmRick.app */;
			productType = "com.apple.product-type.application";
		};
		45E9283C1C9117070022E2A0 /* iAmRickTests */ = {
			isa = PBXNativeTarget;
			buildConfigurationList = 45E928541C9117070022E2A0 /* Build configuration list for PBXNativeTarget "iAmRickTests" */;
			buildPhases = (
				45E928391C9117070022E2A0 /* Sources */,
				45E9283A1C9117070022E2A0 /* Frameworks */,
				45E9283B1C9117070022E2A0 /* Resources */,
			);
			buildRules = (
			);
			dependencies = (
				45E9283F1C9117070022E2A0 /* PBXTargetDependency */,
			);
			name = iAmRickTests;
			productName = iAmRickTests;
			productReference = 45E9283D1C9117070022E2A0 /* iAmRickTests.xctest */;
			productType = "com.apple.product-type.bundle.unit-test";
		};
		45E928471C9117070022E2A0 /* iAmRickUITests */ = {
			isa = PBXNativeTarget;
			buildConfigurationList = 45E928571C9117070022E2A0 /* Build configuration list for PBXNativeTarget "iAmRickUITests" */;
			buildPhases = (
				45E928441C9117070022E2A0 /* Sources */,
				45E928451C9117070022E2A0 /* Frameworks */,
				45E928461C9117070022E2A0 /* Resources */,
			);
			buildRules = (
			);
			dependencies = (
				45E9284A1C9117070022E2A0 /* PBXTargetDependency */,
			);
			name = iAmRickUITests;
			productName = iAmRickUITests;
			productReference = 45E928481C9117070022E2A0 /* iAmRickUITests.xctest */;
			productType = "com.apple.product-type.bundle.ui-testing";
		};
/* End PBXNativeTarget section */

/* Begin PBXProject section */
		45E9281C1C9117070022E2A0 /* Project object */ = {
			isa = PBXProject;
			attributes = {
				LastUpgradeCheck = 0720;
				ORGANIZATIONNAME = "Tin Blanc";
				TargetAttributes = {
					45E928231C9117070022E2A0 = {
						CreatedOnToolsVersion = 7.2;
						DevelopmentTeam = 6TY8547B3M;
					};
					45E9283C1C9117070022E2A0 = {
						CreatedOnToolsVersion = 7.2;
						DevelopmentTeam = 6TY8547B3M;
						TestTargetID = 45E928231C9117070022E2A0;
					};
					45E928471C9117070022E2A0 = {
						CreatedOnToolsVersion = 7.2;
						DevelopmentTeam = 6TY8547B3M;
						TestTargetID = 45E928231C9117070022E2A0;
					};
				};
			};
			buildConfigurationList = 45E9281F1C9117070022E2A0 /* Build configuration list for PBXProject "iAmRick" */;
			compatibilityVersion = "Xcode 3.2";
			developmentRegion = English;
			hasScannedForEncodings = 0;
			knownRegions = (
				en,
				Base,
			);
			mainGroup = 45E9281B1C9117070022E2A0;
			productRefGroup = 45E928251C9117070022E2A0 /* Products */;
			projectDirPath = "";
			projectRoot = "";
			targets = (
				45E928231C9117070022E2A0 /* iAmRick */,
				45E9283C1C9117070022E2A0 /* iAmRickTests */,
				45E928471C9117070022E2A0 /* iAmRickUITests */,
			);
		};
/* End PBXProject section */

/* Begin PBXResourcesBuildPhase section */
		45E928221C9117070022E2A0 /* Resources */ = {
			isa = PBXResourcesBuildPhase;
			buildActionMask = 2147483647;
			files = (
				45E928371C9117070022E2A0 /* LaunchScreen.storyboard in Resources */,
				45E9285C1C9117740022E2A0 /* ruby.png in Resources */,
				45E928341C9117070022E2A0 /* Assets.xcassets in Resources */,
				45E928321C9117070022E2A0 /* Main.storyboard in Resources */,
			);
			runOnlyForDeploymentPostprocessing = 0;
		};
		45E9283B1C9117070022E2A0 /* Resources */ = {
			isa = PBXResourcesBuildPhase;
			buildActionMask = 2147483647;
			files = (
			);
			runOnlyForDeploymentPostprocessing = 0;
		};
		45E928461C9117070022E2A0 /* Resources */ = {
			isa = PBXResourcesBuildPhase;
			buildActionMask = 2147483647;
			files = (
			);
			runOnlyForDeploymentPostprocessing = 0;
		};
/* End PBXResourcesBuildPhase section */

/* Begin PBXSourcesBuildPhase section */
		45E928201C9117070022E2A0 /* Sources */ = {
			isa = PBXSourcesBuildPhase;
			buildActionMask = 2147483647;
			files = (
				45E9282F1C9117070022E2A0 /* ViewController.m in Sources */,
				45E9282C1C9117070022E2A0 /* AppDelegate.m in Sources */,
				45E928291C9117070022E2A0 /* main.m in Sources */,
			);
			runOnlyForDeploymentPostprocessing = 0;
		};
		45E928391C9117070022E2A0 /* Sources */ = {
			isa = PBXSourcesBuildPhase;
			buildActionMask = 2147483647;
			files = (
				45E928421C9117070022E2A0 /* iAmRickTests.m in Sources */,
			);
			runOnlyForDeploymentPostprocessing = 0;
		};
		45E928441C9117070022E2A0 /* Sources */ = {
			isa = PBXSourcesBuildPhase;
			buildActionMask = 2147483647;
			files = (
				45E9284D1C9117070022E2A0 /* iAmRickUITests.m in Sources */,
			);
			runOnlyForDeploymentPostprocessing = 0;
		};
/* End PBXSourcesBuildPhase section */

/* Begin PBXTargetDependency section */
		45E9283F1C9117070022E2A0 /* PBXTargetDependency */ = {
			isa = PBXTargetDependency;
			target = 45E928231C9117070022E2A0 /* iAmRick */;
			targetProxy = 45E9283E1C9117070022E2A0 /* PBXContainerItemProxy */;
		};
		45E9284A1C9117070022E2A0 /* PBXTargetDependency */ = {
			isa = PBXTargetDependency;
			target = 45E928231C9117070022E2A0 /* iAmRick */;
			targetProxy = 45E928491C9117070022E2A0 /* PBXContainerItemProxy */;
		};
/* End PBXTargetDependency section */

/* Begin PBXVariantGroup section */
		45E928301C9117070022E2A0 /* Main.storyboard */ = {
			isa = PBXVariantGroup;
			children = (
				45E928311C9117070022E2A0 /* Base */,
			);
			name = Main.storyboard;
			sourceTree = "<group>";
		};
		45E928351C9117070022E2A0 /* LaunchScreen.storyboard */ = {
			isa = PBXVariantGroup;
			children = (
				45E928361C9117070022E2A0 /* Base */,
			);
			name = LaunchScreen.storyboard;
			sourceTree = "<group>";
		};
/* End PBXVariantGroup section */

/* Begin XCBuildConfiguration section */
		45E9284F1C9117070022E2A0 /* Debug */ = {
			isa = XCBuildConfiguration;
			buildSettings = {
				ALWAYS_SEARCH_USER_PATHS = NO;
				CLANG_CXX_LANGUAGE_STANDARD = "gnu++0x";
				CLANG_CXX_LIBRARY = "libc++";
				CLANG_ENABLE_MODULES = YES;
				CLANG_ENABLE_OBJC_ARC = YES;
				CLANG_WARN_BOOL_CONVERSION = YES;
				CLANG_WARN_CONSTANT_CONVERSION = YES;
				CLANG_WARN_DIRECT_OBJC_ISA_USAGE = YES_ERROR;
				CLANG_WARN_EMPTY_BODY = YES;
				CLANG_WARN_ENUM_CONVERSION = YES;
				CLANG_WARN_INT_CONVERSION = YES;
				CLANG_WARN_OBJC_ROOT_CLASS = YES_ERROR;
				CLANG_WARN_UNREACHABLE_CODE = YES;
				CLANG_WARN__DUPLICATE_METHOD_MATCH = YES;
				"CODE_SIGN_IDENTITY[sdk=iphoneos*]" = "iPhone Developer";
				COPY_PHASE_STRIP = NO;
				DEBUG_INFORMATION_FORMAT = dwarf;
				ENABLE_STRICT_OBJC_MSGSEND = YES;
				ENABLE_TESTABILITY = YES;
				GCC_C_LANGUAGE_STANDARD = gnu99;
				GCC_DYNAMIC_NO_PIC = NO;
				GCC_NO_COMMON_BLOCKS = YES;
				GCC_OPTIMIZATION_LEVEL = 0;
				GCC_PREPROCESSOR_DEFINITIONS = (
					"DEBUG=1",
					"$(inherited)",
				);
				GCC_WARN_64_TO_32_BIT_CONVERSION = YES;
				GCC_WARN_ABOUT_RETURN_TYPE = YES_ERROR;
				GCC_WARN_UNDECLARED_SELECTOR = YES;
				GCC_WARN_UNINITIALIZED_AUTOS = YES_AGGRESSIVE;
				GCC_WARN_UNUSED_FUNCTION = YES;
				GCC_WARN_UNUSED_VARIABLE = YES;
				IPHONEOS_DEPLOYMENT_TARGET = 9.2;
				MTL_ENABLE_DEBUG_INFO = YES;
				ONLY_ACTIVE_ARCH = YES;
				SDKROOT = iphoneos;
			};
			name = Debug;
		};
		45E928501C9117070022E2A0 /* Release */ = {
			isa = XCBuildConfiguration;
			buildSettings = {
				ALWAYS_SEARCH_USER_PATHS = NO;
				CLANG_CXX_LANGUAGE_STANDARD = "gnu++0x";
				CLANG_CXX_LIBRARY = "libc++";
				CLANG_ENABLE_MODULES = YES;
				CLANG_ENABLE_OBJC_ARC = YES;
				CLANG_WARN_BOOL_CONVERSION = YES;
				CLANG_WARN_CONSTANT_CONVERSION = YES;
				CLANG_WARN_DIRECT_OBJC_ISA_USAGE = YES_ERROR;
				CLANG_WARN_EMPTY_BODY = YES;
				CLANG_WARN_ENUM_CONVERSION = YES;
				CLANG_WARN_INT_CONVERSION = YES;
				CLANG_WARN_OBJC_ROOT_CLASS = YES_ERROR;
				CLANG_WARN_UNREACHABLE_CODE = YES;
				CLANG_WARN__DUPLICATE_METHOD_MATCH = YES;
				"CODE_SIGN_IDENTITY[sdk=iphoneos*]" = "iPhone Developer";
				COPY_PHASE_STRIP = NO;
				DEBUG_INFORMATION_FORMAT = "dwarf-with-dsym";
				ENABLE_NS_ASSERTIONS = NO;
				ENABLE_STRICT_OBJC_MSGSEND = YES;
				GCC_C_LANGUAGE_STANDARD = gnu99;
				GCC_NO_COMMON_BLOCKS = YES;
				GCC_WARN_64_TO_32_BIT_CONVERSION = YES;
				GCC_WARN_ABOUT_RETURN_TYPE = YES_ERROR;
				GCC_WARN_UNDECLARED_SELECTOR = YES;
				GCC_WARN_UNINITIALIZED_AUTOS = YES_AGGRESSIVE;
				GCC_WARN_UNUSED_FUNCTION = YES;
				GCC_WARN_UNUSED_VARIABLE = YES;
				IPHONEOS_DEPLOYMENT_TARGET = 9.2;
				MTL_ENABLE_DEBUG_INFO = NO;
				SDKROOT = iphoneos;
				VALIDATE_PRODUCT = YES;
			};
			name = Release;
		};
		45E928521C9117070022E2A0 /* Debug */ = {
			isa = XCBuildConfiguration;
			buildSettings = {
				ASSETCATALOG_COMPILER_APPICON_NAME = AppIcon;
				INFOPLIST_FILE = iAmRick/Info.plist;
				LD_RUNPATH_SEARCH_PATHS = "$(inherited) @executable_path/Frameworks";
				PRODUCT_BUNDLE_IDENTIFIER = vn.techmaster.iAmRick;
				PRODUCT_NAME = "$(TARGET_NAME)";
			};
			name = Debug;
		};
		45E928531C9117070022E2A0 /* Release */ = {
			isa = XCBuildConfiguration;
			buildSettings = {
				ASSETCATALOG_COMPILER_APPICON_NAME = AppIcon;
				INFOPLIST_FILE = iAmRick/Info.plist;
				LD_RUNPATH_SEARCH_PATHS = "$(inherited) @executable_path/Frameworks";
				PRODUCT_BUNDLE_IDENTIFIER = vn.techmaster.iAmRick;
				PRODUCT_NAME = "$(TARGET_NAME)";
			};
			name = Release;
		};
		45E928551C9117070022E2A0 /* Debug */ = {
			isa = XCBuildConfiguration;
			buildSettings = {
				BUNDLE_LOADER = "$(TEST_HOST)";
				INFOPLIST_FILE = iAmRickTests/Info.plist;
				LD_RUNPATH_SEARCH_PATHS = "$(inherited) @executable_path/Frameworks @loader_path/Frameworks";
				PRODUCT_BUNDLE_IDENTIFIER = vn.techmaster.iAmRickTests;
				PRODUCT_NAME = "$(TARGET_NAME)";
				TEST_HOST = "$(BUILT_PRODUCTS_DIR)/iAmRick.app/iAmRick";
			};
			name = Debug;
		};
		45E928561C9117070022E2A0 /* Release */ = {
			isa = XCBuildConfiguration;
			buildSettings = {
				BUNDLE_LOADER = "$(TEST_HOST)";
				INFOPLIST_FILE = iAmRickTests/Info.plist;
				LD_RUNPATH_SEARCH_PATHS = "$(inherited) @executable_path/Frameworks @loader_path/Frameworks";
				PRODUCT_BUNDLE_IDENTIFIER = vn.techmaster.iAmRickTests;
				PRODUCT_NAME = "$(TARGET_NAME)";
				TEST_HOST = "$(BUILT_PRODUCTS_DIR)/iAmRick.app/iAmRick";
			};
			name = Release;
		};
		45E928581C9117070022E2A0 /* Debug */ = {
			isa = XCBuildConfiguration;
			buildSettings = {
				INFOPLIST_FILE = iAmRickUITests/Info.plist;
				LD_RUNPATH_SEARCH_PATHS = "$(inherited) @executable_path/Frameworks @loader_path/Frameworks";
				PRODUCT_BUNDLE_IDENTIFIER = vn.techmaster.iAmRickUITests;
				PRODUCT_NAME = "$(TARGET_NAME)";
				TEST_TARGET_NAME = iAmRick;
				USES_XCTRUNNER = YES;
			};
			name = Debug;
		};
		45E928591C9117070022E2A0 /* Release */ = {
			isa = XCBuildConfiguration;
			buildSettings = {
				INFOPLIST_FILE = iAmRickUITests/Info.plist;
				LD_RUNPATH_SEARCH_PATHS = "$(inherited) @executable_path/Frameworks @loader_path/Frameworks";
				PRODUCT_BUNDLE_IDENTIFIER = vn.techmaster.iAmRickUITests;
				PRODUCT_NAME = "$(TARGET_NAME)";
				TEST_TARGET_NAME = iAmRick;
				USES_XCTRUNNER = YES;
			};
			name = Release;
		};
/* End XCBuildConfiguration section */

/* Begin XCConfigurationList section */
		45E9281F1C9117070022E2A0 /* Build configuration list for PBXProject "iAmRick" */ = {
			isa = XCConfigurationList;
			buildConfigurations = (
				45E9284F1C9117070022E2A0 /* Debug */,
				45E928501C9117070022E2A0 /* Release */,
			);
			defaultConfigurationIsVisible = 0;
			defaultConfigurationName = Release;
		};
		45E928511C9117070022E2A0 /* Build configuration list for PBXNativeTarget "iAmRick" */ = {
			isa = XCConfigurationList;
			buildConfigurations = (
				45E928521C9117070022E2A0 /* Debug */,
				45E928531C9117070022E2A0 /* Release */,
			);
			defaultConfigurationIsVisible = 0;
		};
		45E928541C9117070022E2A0 /* Build configuration list for PBXNativeTarget "iAmRickTests" */ = {
			isa = XCConfigurationList;
			buildConfigurations = (
				45E928551C9117070022E2A0 /* Debug */,
				45E928561C9117070022E2A0 /* Release */,
			);
			defaultConfigurationIsVisible = 0;
		};
		45E928571C9117070022E2A0 /* Build configuration list for PBXNativeTarget "iAmRickUITests" */ = {
			isa = XCConfigurationList;
			buildConfigurations = (
				45E928581C9117070022E2A0 /* Debug */,
				45E928591C9117070022E2A0 /* Release */,
			);
			defaultConfigurationIsVisible = 0;
		};
/* End XCConfigurationList section */
	};
	rootObject = 45E9281C1C9117070022E2A0 /* Project object */;
}
